{
  "name": "js",
  "version": "1.0.0",
  "lockfileVersion": 1,
  "requires": true,
  "dependencies": {
    "tinymce": {
      "version": "4.8.5",
      "resolved": "https://registry.npmjs.org/tinymce/-/tinymce-4.8.5.tgz",
      "integrity": "sha512-1V6+PxP5Kp8H/Kuf+EOe6vyrtj1Dlj98q33DgiKGoGPTmbcQaVZWiT+lhqj8ICXKVLV3YxAieOJyJXai4SLHQg=="
    }
  }
}
